{
  "name": "railkit",
  "version": "1.0.0",
  "lockfileVersion": 3,
  "requires": true,
  "packages": {
    "": {
      "name": "railkit",
      "version": "1.0.0",
      "license": "ISC",
      "dependencies": {
        "dotenv": "^17.4.2",
        "railkit": "^5.0.2"
      }
    },
    "node_modules/dotenv": {
      "version": "17.4.2",
      "resolved": "https://registry.npmjs.org/dotenv/-/dotenv-17.4.2.tgz",
      "integrity": "sha512-nI4U3TottKAcAD9LLud4Cb7b2QztQMUEfHbvhTH09bqXTxnSie8WnjPALV/WMCrJZ6UV/qHJ6L03OqO3LcdYZw==",
      "license": "BSD-2-Clause",
      "engines": {
        "node": ">=12"
      },
      "funding": {
        "url": "https://dotenvx.com"
      }
    },
    "node_modules/railkit": {
      "version": "5.0.2",
      "resolved": "https://registry.npmjs.org/railkit/-/railkit-5.0.2.tgz",
      "integrity": "sha512-MGDYMu90se39eeamP/rcvodJaqyRMSvPuld4V3yx9jWRlCZrzCpjGaPe86g9am8SuSiszVRCtqBSD3E4xcCNJA==",
      "license": "ISC"
    }
  }
}
